
Microsoft Visual Studio Solution File, Format Version 12.00
# Visual Studio Version 16
VisualStudioVersion = 16.0.29613.14
MinimumVisualStudioVersion = 10.0.40219.1
Project("{9A19103F-16F7-4668-BE54-9A1E7A4F7556}") = "Countries.Domain", "Countries.Domain\Countries.Domain.csproj", "{9E29F7E9-32A6-4C82-82EF-744174F9FC3A}"
EndProject
Project("{9A19103F-16F7-4668-BE54-9A1E7A4F7556}") = "Countries.DAL", "Countries.DAL\Countries.DAL.csproj", "{C42306B7-6142-45C6-9FDE-74519D417F31}"
EndProject
Project("{FAE04EC0-301F-11D3-BF4B-00C04F79EFBC}") = "Countries.Api", "Countries.Api\Countries.Api.csproj", "{F91B3AA6-8BB5-4F11-AF6F-228235688D1F}"
EndProject
Project("{FAE04EC0-301F-11D3-BF4B-00C04F79EFBC}") = "Countries.Core", "Countries.Core\Countries.Core.csproj", "{D268C625-7780-4DB4-AD54-D552A7F841B6}"
EndProject
Global
	GlobalSection(SolutionConfigurationPlatforms) = preSolution
		Debug|Any CPU = Debug|Any CPU
		Release|Any CPU = Release|Any CPU
	EndGlobalSection
	GlobalSection(ProjectConfigurationPlatforms) = postSolution
		{9E29F7E9-32A6-4C82-82EF-744174F9FC3A}.Debug|Any CPU.ActiveCfg = Debug|Any CPU
		{9E29F7E9-32A6-4C82-82EF-744174F9FC3A}.Debug|Any CPU.Build.0 = Debug|Any CPU
		{9E29F7E9-32A6-4C82-82EF-744174F9FC3A}.Release|Any CPU.ActiveCfg = Release|Any CPU
		{9E29F7E9-32A6-4C82-82EF-744174F9FC3A}.Release|Any CPU.Build.0 = Release|Any CPU
		{C42306B7-6142-45C6-9FDE-74519D417F31}.Debug|Any CPU.ActiveCfg = Debug|Any CPU
		{C42306B7-6142-45C6-9FDE-74519D417F31}.Debug|Any CPU.Build.0 = Debug|Any CPU
		{C42306B7-6142-45C6-9FDE-74519D417F31}.Release|Any CPU.ActiveCfg = Release|Any CPU
		{C42306B7-6142-45C6-9FDE-74519D417F31}.Release|Any CPU.Build.0 = Release|Any CPU
		{F91B3AA6-8BB5-4F11-AF6F-228235688D1F}.Debug|Any CPU.ActiveCfg = Debug|Any CPU
		{F91B3AA6-8BB5-4F11-AF6F-228235688D1F}.Debug|Any CPU.Build.0 = Debug|Any CPU
		{F91B3AA6-8BB5-4F11-AF6F-228235688D1F}.Release|Any CPU.ActiveCfg = Release|Any CPU
		{F91B3AA6-8BB5-4F11-AF6F-228235688D1F}.Release|Any CPU.Build.0 = Release|Any CPU
		{D268C625-7780-4DB4-AD54-D552A7F841B6}.Debug|Any CPU.ActiveCfg = Debug|Any CPU
		{D268C625-7780-4DB4-AD54-D552A7F841B6}.Debug|Any CPU.Build.0 = Debug|Any CPU
		{D268C625-7780-4DB4-AD54-D552A7F841B6}.Release|Any CPU.ActiveCfg = Release|Any CPU
		{D268C625-7780-4DB4-AD54-D552A7F841B6}.Release|Any CPU.Build.0 = Release|Any CPU
	EndGlobalSection
	GlobalSection(SolutionProperties) = preSolution
		HideSolutionNode = FALSE
	EndGlobalSection
	GlobalSection(ExtensibilityGlobals) = postSolution
		SolutionGuid = {44C68B70-9131-4E3F-9942-59582F7A1DB8}
	EndGlobalSection
EndGlobal
